// !$*UTF8*$!
{
	archiveVersion = 1;
	classes = {
	};
	objectVersion = 55;
	objects = {

/* Begin PBXBuildFile section */
		9A65BA7728686549003E5A7F /* AppDelegate.swift in Sources */ = {isa = PBXBuildFile; fileRef = 9A65BA7628686549003E5A7F /* AppDelegate.swift */; };
		9A65BA7928686549003E5A7F /* SceneDelegate.swift in Sources */ = {isa = PBXBuildFile; fileRef = 9A65BA7828686549003E5A7F /* SceneDelegate.swift */; };
		9A65BA7B28686549003E5A7F /* ViewController.swift in Sources */ = {isa = PBXBuildFile; fileRef = 9A65BA7A28686549003E5A7F /* ViewController.swift */; };
		9A65BA7E28686549003E5A7F /* Main.storyboard in Resources */ = {isa = PBXBuildFile; fileRef = 9A65BA7C28686549003E5A7F /* Main.storyboard */; };
		9A65BA8128686549003E5A7F /* Assignment.xcdatamodeld in Sources */ = {isa = PBXBuildFile; fileRef = 9A65BA7F28686549003E5A7F /* Assignment.xcdatamodeld */; };
		9A65BA832868654A003E5A7F /* Assets.xcassets in Resources */ = {isa = PBXBuildFile; fileRef = 9A65BA822868654A003E5A7F /* Assets.xcassets */; };
		9A65BA862868654A003E5A7F /* LaunchScreen.storyboard in Resources */ = {isa = PBXBuildFile; fileRef = 9A65BA842868654A003E5A7F /* LaunchScreen.storyboard */; };
		9A65BA8F28686609003E5A7F /* UserContentsViewController.swift in Sources */ = {isa = PBXBuildFile; fileRef = 9A65BA8E28686609003E5A7F /* UserContentsViewController.swift */; };
		9A65BA9728686639003E5A7F /* UserContentsService.swift in Sources */ = {isa = PBXBuildFile; fileRef = 9A65BA9128686639003E5A7F /* UserContentsService.swift */; };
		9A65BA9828686639003E5A7F /* ImageManager.swift in Sources */ = {isa = PBXBuildFile; fileRef = 9A65BA9228686639003E5A7F /* ImageManager.swift */; };
		9A65BA9928686639003E5A7F /* ParsingHelper.swift in Sources */ = {isa = PBXBuildFile; fileRef = 9A65BA9328686639003E5A7F /* ParsingHelper.swift */; };
		9A65BA9A28686639003E5A7F /* RequestHandler.swift in Sources */ = {isa = PBXBuildFile; fileRef = 9A65BA9428686639003E5A7F /* RequestHandler.swift */; };
		9A65BA9B28686639003E5A7F /* RequestService.swift in Sources */ = {isa = PBXBuildFile; fileRef = 9A65BA9528686639003E5A7F /* RequestService.swift */; };
		9A65BA9C28686639003E5A7F /* Response.swift in Sources */ = {isa = PBXBuildFile; fileRef = 9A65BA9628686639003E5A7F /* Response.swift */; };
		9A65BAA828686652003E5A7F /* UserContentsViewModel.swift in Sources */ = {isa = PBXBuildFile; fileRef = 9A65BA9E28686652003E5A7F /* UserContentsViewModel.swift */; };
		9A65BAA928686652003E5A7F /* UserContentsDataSource.swift in Sources */ = {isa = PBXBuildFile; fileRef = 9A65BA9F28686652003E5A7F /* UserContentsDataSource.swift */; };
		9A65BAAA28686652003E5A7F /* LoaderViewController.swift in Sources */ = {isa = PBXBuildFile; fileRef = 9A65BAA128686652003E5A7F /* LoaderViewController.swift */; };
		9A65BAAB28686652003E5A7F /* ContentTableViewCell.swift in Sources */ = {isa = PBXBuildFile; fileRef = 9A65BAA228686652003E5A7F /* ContentTableViewCell.swift */; };
		9A65BAAC28686652003E5A7F /* Extensions.swift in Sources */ = {isa = PBXBuildFile; fileRef = 9A65BAA428686652003E5A7F /* Extensions.swift */; };
		9A65BAAD28686652003E5A7F /* ContentFeedModel.swift in Sources */ = {isa = PBXBuildFile; fileRef = 9A65BAA628686652003E5A7F /* ContentFeedModel.swift */; };
		9A65BAAE28686652003E5A7F /* UserContentsModel.swift in Sources */ = {isa = PBXBuildFile; fileRef = 9A65BAA728686652003E5A7F /* UserContentsModel.swift */; };
		9A65BAB5286866AD003E5A7F /* Constants.swift in Sources */ = {isa = PBXBuildFile; fileRef = 9A65BAB1286866AD003E5A7F /* Constants.swift */; };
		9A65BAB6286866AD003E5A7F /* Reachability.swift in Sources */ = {isa = PBXBuildFile; fileRef = 9A65BAB2286866AD003E5A7F /* Reachability.swift */; };
		9A65BAB7286866AD003E5A7F /* ImageHelper.swift in Sources */ = {isa = PBXBuildFile; fileRef = 9A65BAB3286866AD003E5A7F /* ImageHelper.swift */; };
		9A65BAB8286866AD003E5A7F /* Debug.swift in Sources */ = {isa = PBXBuildFile; fileRef = 9A65BAB4286866AD003E5A7F /* Debug.swift */; };
		9A65BAED28686BD6003E5A7F /* AssignmentUITests.swift in Sources */ = {isa = PBXBuildFile; fileRef = 9A65BAEC28686BD6003E5A7F /* AssignmentUITests.swift */; };
		9A65BAFA28686BFD003E5A7F /* DummyData.swift in Sources */ = {isa = PBXBuildFile; fileRef = 9A65BAF128686BFD003E5A7F /* DummyData.swift */; };
		9A65BAFC28686BFD003E5A7F /* UserContents.json in Resources */ = {isa = PBXBuildFile; fileRef = 9A65BAF328686BFD003E5A7F /* UserContents.json */; };
		9A65BAFD28686BFD003E5A7F /* UserContentsDataSourceTests.swift in Sources */ = {isa = PBXBuildFile; fileRef = 9A65BAF428686BFD003E5A7F /* UserContentsDataSourceTests.swift */; };
		9A65BAFE28686BFD003E5A7F /* UserContentsServiceTests.swift in Sources */ = {isa = PBXBuildFile; fileRef = 9A65BAF528686BFD003E5A7F /* UserContentsServiceTests.swift */; };
		9A65BAFF28686BFD003E5A7F /* UserContentsViewModelTests.swift in Sources */ = {isa = PBXBuildFile; fileRef = 9A65BAF628686BFD003E5A7F /* UserContentsViewModelTests.swift */; };
		9A65BB0028686BFD003E5A7F /* ContentFeedModelTests.swift in Sources */ = {isa = PBXBuildFile; fileRef = 9A65BAF728686BFD003E5A7F /* ContentFeedModelTests.swift */; };
		9A65BB0128686BFD003E5A7F /* AssignmentTests.swift in Sources */ = {isa = PBXBuildFile; fileRef = 9A65BAF828686BFD003E5A7F /* AssignmentTests.swift */; };
		9A65BB0228686BFD003E5A7F /* UserContentsServices.swift in Sources */ = {isa = PBXBuildFile; fileRef = 9A65BAF928686BFD003E5A7F /* UserContentsServices.swift */; };
/* End PBXBuildFile section */

/* Begin PBXFileReference section */
		9A65BA7328686549003E5A7F /* Assignment.app */ = {isa = PBXFileReference; explicitFileType = wrapper.application; includeInIndex = 0; path = Assignment.app; sourceTree = BUILT_PRODUCTS_DIR; };
		9A65BA7628686549003E5A7F /* AppDelegate.swift */ = {isa = PBXFileReference; lastKnownFileType = sourcecode.swift; path = AppDelegate.swift; sourceTree = "<group>"; };
		9A65BA7828686549003E5A7F /* SceneDelegate.swift */ = {isa = PBXFileReference; lastKnownFileType = sourcecode.swift; path = SceneDelegate.swift; sourceTree = "<group>"; };
		9A65BA7A28686549003E5A7F /* ViewController.swift */ = {isa = PBXFileReference; lastKnownFileType = sourcecode.swift; path = ViewController.swift; sourceTree = "<group>"; };
		9A65BA7D28686549003E5A7F /* Base */ = {isa = PBXFileReference; lastKnownFileType = file.storyboard; name = Base; path = Base.lproj/Main.storyboard; sourceTree = "<group>"; };
		9A65BA8028686549003E5A7F /* Assignment.xcdatamodel */ = {isa = PBXFileReference; lastKnownFileType = wrapper.xcdatamodel; path = Assignment.xcdatamodel; sourceTree = "<group>"; };
		9A65BA822868654A003E5A7F /* Assets.xcassets */ = {isa = PBXFileReference; lastKnownFileType = folder.assetcatalog; path = Assets.xcassets; sourceTree = "<group>"; };
		9A65BA852868654A003E5A7F /* Base */ = {isa = PBXFileReference; lastKnownFileType = file.storyboard; name = Base; path = Base.lproj/LaunchScreen.storyboard; sourceTree = "<group>"; };
		9A65BA872868654A003E5A7F /* Info.plist */ = {isa = PBXFileReference; lastKnownFileType = text.plist.xml; path = Info.plist; sourceTree = "<group>"; };
		9A65BA8E28686609003E5A7F /* UserContentsViewController.swift */ = {isa = PBXFileReference; fileEncoding = 4; lastKnownFileType = sourcecode.swift; path = UserContentsViewController.swift; sourceTree = "<group>"; };
		9A65BA9128686639003E5A7F /* UserContentsService.swift */ = {isa = PBXFileReference; fileEncoding = 4; lastKnownFileType = sourcecode.swift; path = UserContentsService.swift; sourceTree = "<group>"; };
		9A65BA9228686639003E5A7F /* ImageManager.swift */ = {isa = PBXFileReference; fileEncoding = 4; lastKnownFileType = sourcecode.swift; path = ImageManager.swift; sourceTree = "<group>"; };
		9A65BA9328686639003E5A7F /* ParsingHelper.swift */ = {isa = PBXFileReference; fileEncoding = 4; lastKnownFileType = sourcecode.swift; path = ParsingHelper.swift; sourceTree = "<group>"; };
		9A65BA9428686639003E5A7F /* RequestHandler.swift */ = {isa = PBXFileReference; fileEncoding = 4; lastKnownFileType = sourcecode.swift; path = RequestHandler.swift; sourceTree = "<group>"; };
		9A65BA9528686639003E5A7F /* RequestService.swift */ = {isa = PBXFileReference; fileEncoding = 4; lastKnownFileType = sourcecode.swift; path = RequestService.swift; sourceTree = "<group>"; };
		9A65BA9628686639003E5A7F /* Response.swift */ = {isa = PBXFileReference; fileEncoding = 4; lastKnownFileType = sourcecode.swift; path = Response.swift; sourceTree = "<group>"; };
		9A65BA9E28686652003E5A7F /* UserContentsViewModel.swift */ = {isa = PBXFileReference; fileEncoding = 4; lastKnownFileType = sourcecode.swift; path = UserContentsViewModel.swift; sourceTree = "<group>"; };
		9A65BA9F28686652003E5A7F /* UserContentsDataSource.swift */ = {isa = PBXFileReference; fileEncoding = 4; lastKnownFileType = sourcecode.swift; path = UserContentsDataSource.swift; sourceTree = "<group>"; };
		9A65BAA128686652003E5A7F /* LoaderViewController.swift */ = {isa = PBXFileReference; fileEncoding = 4; lastKnownFileType = sourcecode.swift; path = LoaderViewController.swift; sourceTree = "<group>"; };
		9A65BAA228686652003E5A7F /* ContentTableViewCell.swift */ = {isa = PBXFileReference; fileEncoding = 4; lastKnownFileType = sourcecode.swift; path = ContentTableViewCell.swift; sourceTree = "<group>"; };
		9A65BAA428686652003E5A7F /* Extensions.swift */ = {isa = PBXFileReference; fileEncoding = 4; lastKnownFileType = sourcecode.swift; path = Extensions.swift; sourceTree = "<group>"; };
		9A65BAA628686652003E5A7F /* ContentFeedModel.swift */ = {isa = PBXFileReference; fileEncoding = 4; lastKnownFileType = sourcecode.swift; path = ContentFeedModel.swift; sourceTree = "<group>"; };
		9A65BAA728686652003E5A7F /* UserContentsModel.swift */ = {isa = PBXFileReference; fileEncoding = 4; lastKnownFileType = sourcecode.swift; path = UserContentsModel.swift; sourceTree = "<group>"; };
		9A65BAB1286866AD003E5A7F /* Constants.swift */ = {isa = PBXFileReference; fileEncoding = 4; lastKnownFileType = sourcecode.swift; path = Constants.swift; sourceTree = "<group>"; };
		9A65BAB2286866AD003E5A7F /* Reachability.swift */ = {isa = PBXFileReference; fileEncoding = 4; lastKnownFileType = sourcecode.swift; path = Reachability.swift; sourceTree = "<group>"; };
		9A65BAB3286866AD003E5A7F /* ImageHelper.swift */ = {isa = PBXFileReference; fileEncoding = 4; lastKnownFileType = sourcecode.swift; path = ImageHelper.swift; sourceTree = "<group>"; };
		9A65BAB4286866AD003E5A7F /* Debug.swift */ = {isa = PBXFileReference; fileEncoding = 4; lastKnownFileType = sourcecode.swift; path = Debug.swift; sourceTree = "<group>"; };
		9A65BAEC28686BD6003E5A7F /* AssignmentUITests.swift */ = {isa = PBXFileReference; fileEncoding = 4; lastKnownFileType = sourcecode.swift; path = AssignmentUITests.swift; sourceTree = "<group>"; };
		9A65BAEF28686BF3003E5A7F /* Info.plist */ = {isa = PBXFileReference; fileEncoding = 4; lastKnownFileType = text.plist.xml; path = Info.plist; sourceTree = "<group>"; };
		9A65BAF128686BFD003E5A7F /* DummyData.swift */ = {isa = PBXFileReference; fileEncoding = 4; lastKnownFileType = sourcecode.swift; path = DummyData.swift; sourceTree = "<group>"; };
		9A65BAF228686BFD003E5A7F /* Info.plist */ = {isa = PBXFileReference; fileEncoding = 4; lastKnownFileType = text.plist.xml; path = Info.plist; sourceTree = "<group>"; };
		9A65BAF328686BFD003E5A7F /* UserContents.json */ = {isa = PBXFileReference; fileEncoding = 4; lastKnownFileType = text.json; path = UserContents.json; sourceTree = "<group>"; };
		9A65BAF428686BFD003E5A7F /* UserContentsDataSourceTests.swift */ = {isa = PBXFileReference; fileEncoding = 4; lastKnownFileType = sourcecode.swift; path = UserContentsDataSourceTests.swift; sourceTree = "<group>"; };
		9A65BAF528686BFD003E5A7F /* UserContentsServiceTests.swift */ = {isa = PBXFileReference; fileEncoding = 4; lastKnownFileType = sourcecode.swift; path = UserContentsServiceTests.swift; sourceTree = "<group>"; };
		9A65BAF628686BFD003E5A7F /* UserContentsViewModelTests.swift */ = {isa = PBXFileReference; fileEncoding = 4; lastKnownFileType = sourcecode.swift; path = UserContentsViewModelTests.swift; sourceTree = "<group>"; };
		9A65BAF728686BFD003E5A7F /* ContentFeedModelTests.swift */ = {isa = PBXFileReference; fileEncoding = 4; lastKnownFileType = sourcecode.swift; path = ContentFeedModelTests.swift; sourceTree = "<group>"; };
		9A65BAF828686BFD003E5A7F /* AssignmentTests.swift */ = {isa = PBXFileReference; fileEncoding = 4; lastKnownFileType = sourcecode.swift; path = AssignmentTests.swift; sourceTree = "<group>"; };
		9A65BAF928686BFD003E5A7F /* UserContentsServices.swift */ = {isa = PBXFileReference; fileEncoding = 4; lastKnownFileType = sourcecode.swift; path = UserContentsServices.swift; sourceTree = "<group>"; };
/* End PBXFileReference section */

/* Begin PBXFrameworksBuildPhase section */
		9A65BA7028686549003E5A7F /* Frameworks */ = {
			isa = PBXFrameworksBuildPhase;
			buildActionMask = 2147483647;
			files = (
			);
			runOnlyForDeploymentPostprocessing = 0;
		};
/* End PBXFrameworksBuildPhase section */

/* Begin PBXGroup section */
		9A65BA6A28686548003E5A7F = {
			isa = PBXGroup;
			children = (
				9A65BAEE28686BDF003E5A7F /* AssignmentTests */,
				9A65BAEB28686BBA003E5A7F /* AssignmentUITests */,
				9A65BA7528686549003E5A7F /* Assignment */,
				9A65BA7428686549003E5A7F /* Products */,
			);
			sourceTree = "<group>";
		};
		9A65BA7428686549003E5A7F /* Products */ = {
			isa = PBXGroup;
			children = (
				9A65BA7328686549003E5A7F /* Assignment.app */,
			);
			name = Products;
			sourceTree = "<group>";
		};
		9A65BA7528686549003E5A7F /* Assignment */ = {
			isa = PBXGroup;
			children = (
				9A65BAAF286866AD003E5A7F /* Others */,
				9A65BAA328686652003E5A7F /* Extensions */,
				9A65BAA528686652003E5A7F /* Models */,
				9A65BA9D28686652003E5A7F /* ViewModels */,
				9A65BAA028686652003E5A7F /* Views */,
				9A65BA9028686624003E5A7F /* Networks Calls */,
				9A65BA8D286865EB003E5A7F /* ViewControllers */,
				9A65BA7628686549003E5A7F /* AppDelegate.swift */,
				9A65BA7828686549003E5A7F /* SceneDelegate.swift */,
				9A65BA7A28686549003E5A7F /* ViewController.swift */,
				9A65BA7C28686549003E5A7F /* Main.storyboard */,
				9A65BA822868654A003E5A7F /* Assets.xcassets */,
				9A65BA842868654A003E5A7F /* LaunchScreen.storyboard */,
				9A65BA872868654A003E5A7F /* Info.plist */,
				9A65BA7F28686549003E5A7F /* Assignment.xcdatamodeld */,
			);
			path = Assignment;
			sourceTree = "<group>";
		};
		9A65BA8D286865EB003E5A7F /* ViewControllers */ = {
			isa = PBXGroup;
			children = (
				9A65BA8E28686609003E5A7F /* UserContentsViewController.swift */,
			);
			path = ViewControllers;
			sourceTree = "<group>";
		};
		9A65BA9028686624003E5A7F /* Networks Calls */ = {
			isa = PBXGroup;
			children = (
				9A65BA9228686639003E5A7F /* ImageManager.swift */,
				9A65BA9328686639003E5A7F /* ParsingHelper.swift */,
				9A65BA9428686639003E5A7F /* RequestHandler.swift */,
				9A65BA9528686639003E5A7F /* RequestService.swift */,
				9A65BA9628686639003E5A7F /* Response.swift */,
				9A65BA9128686639003E5A7F /* UserContentsService.swift */,
			);
			path = "Networks Calls";
			sourceTree = "<group>";
		};
		9A65BA9D28686652003E5A7F /* ViewModels */ = {
			isa = PBXGroup;
			children = (
				9A65BA9E28686652003E5A7F /* UserContentsViewModel.swift */,
				9A65BA9F28686652003E5A7F /* UserContentsDataSource.swift */,
			);
			path = ViewModels;
			sourceTree = "<group>";
		};
		9A65BAA028686652003E5A7F /* Views */ = {
			isa = PBXGroup;
			children = (
				9A65BAA128686652003E5A7F /* LoaderViewController.swift */,
				9A65BAA228686652003E5A7F /* ContentTableViewCell.swift */,
			);
			path = Views;
			sourceTree = "<group>";
		};
		9A65BAA328686652003E5A7F /* Extensions */ = {
			isa = PBXGroup;
			children = (
				9A65BAA428686652003E5A7F /* Extensions.swift */,
			);
			path = Extensions;
			sourceTree = "<group>";
		};
		9A65BAA528686652003E5A7F /* Models */ = {
			isa = PBXGroup;
			children = (
				9A65BAA628686652003E5A7F /* ContentFeedModel.swift */,
				9A65BAA728686652003E5A7F /* UserContentsModel.swift */,
			);
			path = Models;
			sourceTree = "<group>";
		};
		9A65BAAF286866AD003E5A7F /* Others */ = {
			isa = PBXGroup;
			children = (
				9A65BAB0286866AD003E5A7F /* Utils */,
			);
			path = Others;
			sourceTree = "<group>";
		};
		9A65BAB0286866AD003E5A7F /* Utils */ = {
			isa = PBXGroup;
			children = (
				9A65BAB1286866AD003E5A7F /* Constants.swift */,
				9A65BAB2286866AD003E5A7F /* Reachability.swift */,
				9A65BAB3286866AD003E5A7F /* ImageHelper.swift */,
				9A65BAB4286866AD003E5A7F /* Debug.swift */,
			);
			path = Utils;
			sourceTree = "<group>";
		};
		9A65BAEB28686BBA003E5A7F /* AssignmentUITests */ = {
			isa = PBXGroup;
			children = (
				9A65BAEC28686BD6003E5A7F /* AssignmentUITests.swift */,
				9A65BAEF28686BF3003E5A7F /* Info.plist */,
			);
			path = AssignmentUITests;
			sourceTree = "<group>";
		};
		9A65BAEE28686BDF003E5A7F /* AssignmentTests */ = {
			isa = PBXGroup;
			children = (
				9A65BAF828686BFD003E5A7F /* AssignmentTests.swift */,
				9A65BAF728686BFD003E5A7F /* ContentFeedModelTests.swift */,
				9A65BAF128686BFD003E5A7F /* DummyData.swift */,
				9A65BAF228686BFD003E5A7F /* Info.plist */,
				9A65BAF328686BFD003E5A7F /* UserContents.json */,
				9A65BAF428686BFD003E5A7F /* UserContentsDataSourceTests.swift */,
				9A65BAF928686BFD003E5A7F /* UserContentsServices.swift */,
				9A65BAF528686BFD003E5A7F /* UserContentsServiceTests.swift */,
				9A65BAF628686BFD003E5A7F /* UserContentsViewModelTests.swift */,
			);
			path = AssignmentTests;
			sourceTree = "<group>";
		};
/* End PBXGroup section */

/* Begin PBXNativeTarget section */
		9A65BA7228686549003E5A7F /* Assignment */ = {
			isa = PBXNativeTarget;
			buildConfigurationList = 9A65BA8A2868654A003E5A7F /* Build configuration list for PBXNativeTarget "Assignment" */;
			buildPhases = (
				9A65BA6F28686549003E5A7F /* Sources */,
				9A65BA7028686549003E5A7F /* Frameworks */,
				9A65BA7128686549003E5A7F /* Resources */,
			);
			buildRules = (
			);
			dependencies = (
			);
			name = Assignment;
			productName = Assignment;
			productReference = 9A65BA7328686549003E5A7F /* Assignment.app */;
			productType = "com.apple.product-type.application";
		};
/* End PBXNativeTarget section */

/* Begin PBXProject section */
		9A65BA6B28686548003E5A7F /* Project object */ = {
			isa = PBXProject;
			attributes = {
				BuildIndependentTargetsInParallel = 1;
				LastSwiftUpdateCheck = 1330;
				LastUpgradeCheck = 1330;
				TargetAttributes = {
					9A65BA7228686549003E5A7F = {
						CreatedOnToolsVersion = 13.3;
					};
				};
			};
			buildConfigurationList = 9A65BA6E28686548003E5A7F /* Build configuration list for PBXProject "Assignment" */;
			compatibilityVersion = "Xcode 13.0";
			developmentRegion = en;
			hasScannedForEncodings = 0;
			knownRegions = (
				en,
				Base,
			);
			mainGroup = 9A65BA6A28686548003E5A7F;
			productRefGroup = 9A65BA7428686549003E5A7F /* Products */;
			projectDirPath = "";
			projectRoot = "";
			targets = (
				9A65BA7228686549003E5A7F /* Assignment */,
			);
		};
/* End PBXProject section */

/* Begin PBXResourcesBuildPhase section */
		9A65BA7128686549003E5A7F /* Resources */ = {
			isa = PBXResourcesBuildPhase;
			buildActionMask = 2147483647;
			files = (
				9A65BA862868654A003E5A7F /* LaunchScreen.storyboard in Resources */,
				9A65BA832868654A003E5A7F /* Assets.xcassets in Resources */,
				9A65BAFC28686BFD003E5A7F /* UserContents.json in Resources */,
				9A65BA7E28686549003E5A7F /* Main.storyboard in Resources */,
			);
			runOnlyForDeploymentPostprocessing = 0;
		};
/* End PBXResourcesBuildPhase section */

/* Begin PBXSourcesBuildPhase section */
		9A65BA6F28686549003E5A7F /* Sources */ = {
			isa = PBXSourcesBuildPhase;
			buildActionMask = 2147483647;
			files = (
				9A65BB0228686BFD003E5A7F /* UserContentsServices.swift in Sources */,
				9A65BAFA28686BFD003E5A7F /* DummyData.swift in Sources */,
				9A65BA8128686549003E5A7F /* Assignment.xcdatamodeld in Sources */,
				9A65BB0128686BFD003E5A7F /* AssignmentTests.swift in Sources */,
				9A65BAB5286866AD003E5A7F /* Constants.swift in Sources */,
				9A65BA8F28686609003E5A7F /* UserContentsViewController.swift in Sources */,
				9A65BAED28686BD6003E5A7F /* AssignmentUITests.swift in Sources */,
				9A65BA9928686639003E5A7F /* ParsingHelper.swift in Sources */,
				9A65BAA828686652003E5A7F /* UserContentsViewModel.swift in Sources */,
				9A65BAFF28686BFD003E5A7F /* UserContentsViewModelTests.swift in Sources */,
				9A65BA9B28686639003E5A7F /* RequestService.swift in Sources */,
				9A65BAAD28686652003E5A7F /* ContentFeedModel.swift in Sources */,
				9A65BA9828686639003E5A7F /* ImageManager.swift in Sources */,
				9A65BA9728686639003E5A7F /* UserContentsService.swift in Sources */,
				9A65BA9A28686639003E5A7F /* RequestHandler.swift in Sources */,
				9A65BA9C28686639003E5A7F /* Response.swift in Sources */,
				9A65BA7B28686549003E5A7F /* ViewController.swift in Sources */,
				9A65BA7728686549003E5A7F /* AppDelegate.swift in Sources */,
				9A65BAB8286866AD003E5A7F /* Debug.swift in Sources */,
				9A65BB0028686BFD003E5A7F /* ContentFeedModelTests.swift in Sources */,
				9A65BAAE28686652003E5A7F /* UserContentsModel.swift in Sources */,
				9A65BAAC28686652003E5A7F /* Extensions.swift in Sources */,
				9A65BAFE28686BFD003E5A7F /* UserContentsServiceTests.swift in Sources */,
				9A65BAAA28686652003E5A7F /* LoaderViewController.swift in Sources */,
				9A65BAFD28686BFD003E5A7F /* UserContentsDataSourceTests.swift in Sources */,
				9A65BA7928686549003E5A7F /* SceneDelegate.swift in Sources */,
				9A65BAA928686652003E5A7F /* UserContentsDataSource.swift in Sources */,
				9A65BAB6286866AD003E5A7F /* Reachability.swift in Sources */,
				9A65BAAB28686652003E5A7F /* ContentTableViewCell.swift in Sources */,
				9A65BAB7286866AD003E5A7F /* ImageHelper.swift in Sources */,
			);
			runOnlyForDeploymentPostprocessing = 0;
		};
/* End PBXSourcesBuildPhase section */

/* Begin PBXVariantGroup section */
		9A65BA7C28686549003E5A7F /* Main.storyboard */ = {
			isa = PBXVariantGroup;
			children = (
				9A65BA7D28686549003E5A7F /* Base */,
			);
			name = Main.storyboard;
			sourceTree = "<group>";
		};
		9A65BA842868654A003E5A7F /* LaunchScreen.storyboard */ = {
			isa = PBXVariantGroup;
			children = (
				9A65BA852868654A003E5A7F /* Base */,
			);
			name = LaunchScreen.storyboard;
			sourceTree = "<group>";
		};
/* End PBXVariantGroup section */

/* Begin XCBuildConfiguration section */
		9A65BA882868654A003E5A7F /* Debug */ = {
			isa = XCBuildConfiguration;
			buildSettings = {
				ALWAYS_SEARCH_USER_PATHS = NO;
				CLANG_ANALYZER_NONNULL = YES;
				CLANG_ANALYZER_NUMBER_OBJECT_CONVERSION = YES_AGGRESSIVE;
				CLANG_CXX_LANGUAGE_STANDARD = "gnu++17";
				CLANG_ENABLE_MODULES = YES;
				CLANG_ENABLE_OBJC_ARC = YES;
				CLANG_ENABLE_OBJC_WEAK = YES;
				CLANG_WARN_BLOCK_CAPTURE_AUTORELEASING = YES;
				CLANG_WARN_BOOL_CONVERSION = YES;
				CLANG_WARN_COMMA = YES;
				CLANG_WARN_CONSTANT_CONVERSION = YES;
				CLANG_WARN_DEPRECATED_OBJC_IMPLEMENTATIONS = YES;
				CLANG_WARN_DIRECT_OBJC_ISA_USAGE = YES_ERROR;
				CLANG_WARN_DOCUMENTATION_COMMENTS = YES;
				CLANG_WARN_EMPTY_BODY = YES;
				CLANG_WARN_ENUM_CONVERSION = YES;
				CLANG_WARN_INFINITE_RECURSION = YES;
				CLANG_WARN_INT_CONVERSION = YES;
				CLANG_WARN_NON_LITERAL_NULL_CONVERSION = YES;
				CLANG_WARN_OBJC_IMPLICIT_RETAIN_SELF = YES;
				CLANG_WARN_OBJC_LITERAL_CONVERSION = YES;
				CLANG_WARN_OBJC_ROOT_CLASS = YES_ERROR;
				CLANG_WARN_QUOTED_INCLUDE_IN_FRAMEWORK_HEADER = YES;
				CLANG_WARN_RANGE_LOOP_ANALYSIS = YES;
				CLANG_WARN_STRICT_PROTOTYPES = YES;
				CLANG_WARN_SUSPICIOUS_MOVE = YES;
				CLANG_WARN_UNGUARDED_AVAILABILITY = YES_AGGRESSIVE;
				CLANG_WARN_UNREACHABLE_CODE = YES;
				CLANG_WARN__DUPLICATE_METHOD_MATCH = YES;
				COPY_PHASE_STRIP = NO;
				DEBUG_INFORMATION_FORMAT = dwarf;
				ENABLE_STRICT_OBJC_MSGSEND = YES;
				ENABLE_TESTABILITY = YES;
				GCC_C_LANGUAGE_STANDARD = gnu11;
				GCC_DYNAMIC_NO_PIC = NO;
				GCC_NO_COMMON_BLOCKS = YES;
				GCC_OPTIMIZATION_LEVEL = 0;
				GCC_PREPROCESSOR_DEFINITIONS = (
					"DEBUG=1",
					"$(inherited)",
				);
				GCC_WARN_64_TO_32_BIT_CONVERSION = YES;
				GCC_WARN_ABOUT_RETURN_TYPE = YES_ERROR;
				GCC_WARN_UNDECLARED_SELECTOR = YES;
				GCC_WARN_UNINITIALIZED_AUTOS = YES_AGGRESSIVE;
				GCC_WARN_UNUSED_FUNCTION = YES;
				GCC_WARN_UNUSED_VARIABLE = YES;
				IPHONEOS_DEPLOYMENT_TARGET = 15.4;
				MTL_ENABLE_DEBUG_INFO = INCLUDE_SOURCE;
				MTL_FAST_MATH = YES;
				ONLY_ACTIVE_ARCH = YES;
				SDKROOT = iphoneos;
				SWIFT_ACTIVE_COMPILATION_CONDITIONS = DEBUG;
				SWIFT_OPTIMIZATION_LEVEL = "-Onone";
			};
			name = Debug;
		};
		9A65BA892868654A003E5A7F /* Release */ = {
			isa = XCBuildConfiguration;
			buildSettings = {
				ALWAYS_SEARCH_USER_PATHS = NO;
				CLANG_ANALYZER_NONNULL = YES;
				CLANG_ANALYZER_NUMBER_OBJECT_CONVERSION = YES_AGGRESSIVE;
				CLANG_CXX_LANGUAGE_STANDARD = "gnu++17";
				CLANG_ENABLE_MODULES = YES;
				CLANG_ENABLE_OBJC_ARC = YES;
				CLANG_ENABLE_OBJC_WEAK = YES;
				CLANG_WARN_BLOCK_CAPTURE_AUTORELEASING = YES;
				CLANG_WARN_BOOL_CONVERSION = YES;
				CLANG_WARN_COMMA = YES;
				CLANG_WARN_CONSTANT_CONVERSION = YES;
				CLANG_WARN_DEPRECATED_OBJC_IMPLEMENTATIONS = YES;
				CLANG_WARN_DIRECT_OBJC_ISA_USAGE = YES_ERROR;
				CLANG_WARN_DOCUMENTATION_COMMENTS = YES;
				CLANG_WARN_EMPTY_BODY = YES;
				CLANG_WARN_ENUM_CONVERSION = YES;
				CLANG_WARN_INFINITE_RECURSION = YES;
				CLANG_WARN_INT_CONVERSION = YES;
				CLANG_WARN_NON_LITERAL_NULL_CONVERSION = YES;
				CLANG_WARN_OBJC_IMPLICIT_RETAIN_SELF = YES;
				CLANG_WARN_OBJC_LITERAL_CONVERSION = YES;
				CLANG_WARN_OBJC_ROOT_CLASS = YES_ERROR;
				CLANG_WARN_QUOTED_INCLUDE_IN_FRAMEWORK_HEADER = YES;
				CLANG_WARN_RANGE_LOOP_ANALYSIS = YES;
				CLANG_WARN_STRICT_PROTOTYPES = YES;
				CLANG_WARN_SUSPICIOUS_MOVE = YES;
				CLANG_WARN_UNGUARDED_AVAILABILITY = YES_AGGRESSIVE;
				CLANG_WARN_UNREACHABLE_CODE = YES;
				CLANG_WARN__DUPLICATE_METHOD_MATCH = YES;
				COPY_PHASE_STRIP = NO;
				DEBUG_INFORMATION_FORMAT = "dwarf-with-dsym";
				ENABLE_NS_ASSERTIONS = NO;
				ENABLE_STRICT_OBJC_MSGSEND = YES;
				GCC_C_LANGUAGE_STANDARD = gnu11;
				GCC_NO_COMMON_BLOCKS = YES;
				GCC_WARN_64_TO_32_BIT_CONVERSION = YES;
				GCC_WARN_ABOUT_RETURN_TYPE = YES_ERROR;
				GCC_WARN_UNDECLARED_SELECTOR = YES;
				GCC_WARN_UNINITIALIZED_AUTOS = YES_AGGRESSIVE;
				GCC_WARN_UNUSED_FUNCTION = YES;
				GCC_WARN_UNUSED_VARIABLE = YES;
				IPHONEOS_DEPLOYMENT_TARGET = 15.4;
				MTL_ENABLE_DEBUG_INFO = NO;
				MTL_FAST_MATH = YES;
				SDKROOT = iphoneos;
				SWIFT_COMPILATION_MODE = wholemodule;
				SWIFT_OPTIMIZATION_LEVEL = "-O";
				VALIDATE_PRODUCT = YES;
			};
			name = Release;
		};
		9A65BA8B2868654A003E5A7F /* Debug */ = {
			isa = XCBuildConfiguration;
			buildSettings = {
				ASSETCATALOG_COMPILER_APPICON_NAME = AppIcon;
				ASSETCATALOG_COMPILER_GLOBAL_ACCENT_COLOR_NAME = AccentColor;
				CODE_SIGN_STYLE = Automatic;
				CURRENT_PROJECT_VERSION = 1;
				GENERATE_INFOPLIST_FILE = YES;
				INFOPLIST_FILE = Assignment/Info.plist;
				INFOPLIST_KEY_UIApplicationSupportsIndirectInputEvents = YES;
				INFOPLIST_KEY_UILaunchStoryboardName = LaunchScreen;
				INFOPLIST_KEY_UIMainStoryboardFile = Main;
				INFOPLIST_KEY_UISupportedInterfaceOrientations_iPad = "UIInterfaceOrientationPortrait UIInterfaceOrientationPortraitUpsideDown UIInterfaceOrientationLandscapeLeft UIInterfaceOrientationLandscapeRight";
				INFOPLIST_KEY_UISupportedInterfaceOrientations_iPhone = "UIInterfaceOrientationPortrait UIInterfaceOrientationLandscapeLeft UIInterfaceOrientationLandscapeRight";
				LD_RUNPATH_SEARCH_PATHS = (
					"$(inherited)",
					"@executable_path/Frameworks",
				);
				MARKETING_VERSION = 1.0;
				PRODUCT_BUNDLE_IDENTIFIER = "Amit-srivastava.Assignment";
				PRODUCT_NAME = "$(TARGET_NAME)";
				SWIFT_EMIT_LOC_STRINGS = YES;
				SWIFT_VERSION = 5.0;
				TARGETED_DEVICE_FAMILY = "1,2";
			};
			name = Debug;
		};
		9A65BA8C2868654A003E5A7F /* Release */ = {
			isa = XCBuildConfiguration;
			buildSettings = {
				ASSETCATALOG_COMPILER_APPICON_NAME = AppIcon;
				ASSETCATALOG_COMPILER_GLOBAL_ACCENT_COLOR_NAME = AccentColor;
				CODE_SIGN_STYLE = Automatic;
				CURRENT_PROJECT_VERSION = 1;
				GENERATE_INFOPLIST_FILE = YES;
				INFOPLIST_FILE = Assignment/Info.plist;
				INFOPLIST_KEY_UIApplicationSupportsIndirectInputEvents = YES;
				INFOPLIST_KEY_UILaunchStoryboardName = LaunchScreen;
				INFOPLIST_KEY_UIMainStoryboardFile = Main;
				INFOPLIST_KEY_UISupportedInterfaceOrientations_iPad = "UIInterfaceOrientationPortrait UIInterfaceOrientationPortraitUpsideDown UIInterfaceOrientationLandscapeLeft UIInterfaceOrientationLandscapeRight";
				INFOPLIST_KEY_UISupportedInterfaceOrientations_iPhone = "UIInterfaceOrientationPortrait UIInterfaceOrientationLandscapeLeft UIInterfaceOrientationLandscapeRight";
				LD_RUNPATH_SEARCH_PATHS = (
					"$(inherited)",
					"@executable_path/Frameworks",
				);
				MARKETING_VERSION = 1.0;
				PRODUCT_BUNDLE_IDENTIFIER = "Amit-srivastava.Assignment";
				PRODUCT_NAME = "$(TARGET_NAME)";
				SWIFT_EMIT_LOC_STRINGS = YES;
				SWIFT_VERSION = 5.0;
				TARGETED_DEVICE_FAMILY = "1,2";
			};
			name = Release;
		};
/* End XCBuildConfiguration section */

/* Begin XCConfigurationList section */
		9A65BA6E28686548003E5A7F /* Build configuration list for PBXProject "Assignment" */ = {
			isa = XCConfigurationList;
			buildConfigurations = (
				9A65BA882868654A003E5A7F /* Debug */,
				9A65BA892868654A003E5A7F /* Release */,
			);
			defaultConfigurationIsVisible = 0;
			defaultConfigurationName = Release;
		};
		9A65BA8A2868654A003E5A7F /* Build configuration list for PBXNativeTarget "Assignment" */ = {
			isa = XCConfigurationList;
			buildConfigurations = (
				9A65BA8B2868654A003E5A7F /* Debug */,
				9A65BA8C2868654A003E5A7F /* Release */,
			);
			defaultConfigurationIsVisible = 0;
			defaultConfigurationName = Release;
		};
/* End XCConfigurationList section */

/* Begin XCVersionGroup section */
		9A65BA7F28686549003E5A7F /* Assignment.xcdatamodeld */ = {
			isa = XCVersionGroup;
			children = (
				9A65BA8028686549003E5A7F /* Assignment.xcdatamodel */,
			);
			currentVersion = 9A65BA8028686549003E5A7F /* Assignment.xcdatamodel */;
			path = Assignment.xcdatamodeld;
			sourceTree = "<group>";
			versionGroupType = wrapper.xcdatamodel;
		};
/* End XCVersionGroup section */
	};
	rootObject = 9A65BA6B28686548003E5A7F /* Project object */;
}
